
Microsoft Visual Studio Solution File, Format Version 12.00
# Visual Studio Version 16
VisualStudioVersion = 16.0.29519.181
MinimumVisualStudioVersion = 10.0.40219.1
Project("{FAE04EC0-301F-11D3-BF4B-00C04F79EFBC}") = "Zenith", "Zenith\Zenith.csproj", "{2DADA094-0023-4488-92D3-C6135382E457}"
EndProject
Global
	GlobalSection(SolutionConfigurationPlatforms) = preSolution
		Debug|Any CPU = Debug|Any CPU
		Release|Any CPU = Release|Any CPU
	EndGlobalSection
	GlobalSection(ProjectConfigurationPlatforms) = postSolution
		{2DADA094-0023-4488-92D3-C6135382E457}.Debug|Any CPU.ActiveCfg = Debug|Any CPU
		{2DADA094-0023-4488-92D3-C6135382E457}.Debug|Any CPU.Build.0 = Debug|Any CPU
		{2DADA094-0023-4488-92D3-C6135382E457}.Release|Any CPU.ActiveCfg = Release|Any CPU
		{2DADA094-0023-4488-92D3-C6135382E457}.Release|Any CPU.Build.0 = Release|Any CPU
	EndGlobalSection
	GlobalSection(SolutionProperties) = preSolution
		HideSolutionNode = FALSE
	EndGlobalSection
	GlobalSection(ExtensibilityGlobals) = postSolution
		SolutionGuid = {FBA87D3F-455C-4C07-A6EA-0ACC9AF43265}
	EndGlobalSection
EndGlobal
